{
  "name": "write-good",
  "version": "0.11.3",
  "lockfileVersion": 1,
  "requires": true,
  "dependencies": {
    "adverb-where": {
      "version": "0.0.9",
      "resolved": "https://registry.npmjs.org/adverb-where/-/adverb-where-0.0.9.tgz",
      "integrity": "sha1-CcXN3Y1QO5/l924LjcXHCo8ZPjQ="
    },
    "coffee-script": {
      "version": "1.7.1",
      "resolved": "https://registry.npmjs.org/coffee-script/-/coffee-script-1.7.1.tgz",
      "integrity": "sha1-YplqhheAx15tUGnROCJyO3NAS/w=",
      "dev": true,
      "requires": {
        "mkdirp": "0.3.5"
      }
    },
    "commander": {
      "version": "2.15.1",
      "resolved": "https://registry.npmjs.org/commander/-/commander-2.15.1.tgz",
      "integrity": "sha512-VlfT9F3V0v+jr4yxPc5gg9s62/fIVWsd2Bk2iD435um1NlGMYdVCq+MjcXnhYq2icNOizHr1kK+5TI6H0Hy0ag=="
    },
    "define-properties": {
      "version": "1.1.2",
      "resolved": "https://registry.npmjs.org/define-properties/-/define-properties-1.1.2.tgz",
      "integrity": "sha1-g6c/L+pWmJj7c3GTyPhzyvbUXJQ=",
      "requires": {
        "foreach": "2.0.5",
        "object-keys": "1.0.11"
      }
    },
    "e-prime": {
      "version": "0.10.2",
      "resolved": "https://registry.npmjs.org/e-prime/-/e-prime-0.10.2.tgz",
      "integrity": "sha1-6pN165hWNt6IATx6n7EprZ4V7/g="
    },
    "foreach": {
      "version": "2.0.5",
      "resolved": "https://registry.npmjs.org/foreach/-/foreach-2.0.5.tgz",
      "integrity": "sha1-C+4AUBiusmDQo6865ljdATbsG5k="
    },
    "function-bind": {
      "version": "1.1.1",
      "resolved": "https://registry.npmjs.org/function-bind/-/function-bind-1.1.1.tgz",
      "integrity": "sha512-yIovAzMX49sF8Yl58fSCWJ5svSLuaibPxXQJFLmBObTuCr0Mf1KiPopGM9NiFjiYBCbfaa2Fh6breQ6ANVTI0A=="
    },
    "gaze": {
      "version": "0.5.2",
      "resolved": "https://registry.npmjs.org/gaze/-/gaze-0.5.2.tgz",
      "integrity": "sha1-QLcJU30k0dRXZ9takIaJ3+aaxE8=",
      "dev": true,
      "requires": {
        "globule": "0.1.0"
      }
    },
    "glob": {
      "version": "3.1.21",
      "resolved": "https://registry.npmjs.org/glob/-/glob-3.1.21.tgz",
      "integrity": "sha1-0p4KBV3qUTj00H7UDomC6DwgZs0=",
      "dev": true,
      "requires": {
        "graceful-fs": "1.2.3",
        "inherits": "1.0.2",
        "minimatch": "0.2.14"
      }
    },
    "globule": {
      "version": "0.1.0",
      "resolved": "https://registry.npmjs.org/globule/-/globule-0.1.0.tgz",
      "integrity": "sha1-2cjt3h2nnRJaFRt5UzuXhnY0auU=",
      "dev": true,
      "requires": {
        "glob": "3.1.21",
        "lodash": "1.0.2",
        "minimatch": "0.2.14"
      }
    },
    "graceful-fs": {
      "version": "1.2.3",
      "resolved": "https://registry.npmjs.org/graceful-fs/-/graceful-fs-1.2.3.tgz",
      "integrity": "sha1-FaSAaldUfLLS2/J/QuiajDRRs2Q=",
      "dev": true
    },
    "growl": {
      "version": "1.7.0",
      "resolved": "https://registry.npmjs.org/growl/-/growl-1.7.0.tgz",
      "integrity": "sha1-3i1mE20ALhErpw8/EMMc98NQsto=",
      "dev": true
    },
    "has-symbols": {
      "version": "1.0.0",
      "resolved": "https://registry.npmjs.org/has-symbols/-/has-symbols-1.0.0.tgz",
      "integrity": "sha1-uhqPGvKg/DllD1yFA2dwQSIGO0Q="
    },
    "inherits": {
      "version": "1.0.2",
      "resolved": "https://registry.npmjs.org/inherits/-/inherits-1.0.2.tgz",
      "integrity": "sha1-ykMJ2t7mtUzAuNJH6NfHoJdb3Js=",
      "dev": true
    },
    "jasmine-growl-reporter": {
      "version": "0.2.1",
      "resolved": "https://registry.npmjs.org/jasmine-growl-reporter/-/jasmine-growl-reporter-0.2.1.tgz",
      "integrity": "sha1-1fCje5L2qD/VxkgrgJSVyQqLVf4=",
      "dev": true,
      "requires": {
        "growl": "1.7.0"
      }
    },
    "jasmine-node": {
      "version": "2.0.0",
      "resolved": "https://registry.npmjs.org/jasmine-node/-/jasmine-node-2.0.0.tgz",
      "integrity": "sha1-gXUacjJfVJdJCxQYGlUIfxsDcf8=",
      "dev": true,
      "requires": {
        "coffee-script": "1.7.1",
        "gaze": "0.5.2",
        "jasmine-growl-reporter": "0.2.1",
        "minimist": "0.0.8",
        "mkdirp": "0.3.5",
        "underscore": "1.6.0",
        "walkdir": "0.0.12"
      }
    },
    "lodash": {
      "version": "1.0.2",
      "resolved": "https://registry.npmjs.org/lodash/-/lodash-1.0.2.tgz",
      "integrity": "sha1-j1dWDIO1n8JwvT1WG2kAQ0MOJVE=",
      "dev": true
    },
    "lru-cache": {
      "version": "2.7.3",
      "resolved": "https://registry.npmjs.org/lru-cache/-/lru-cache-2.7.3.tgz",
      "integrity": "sha1-bUUk6LlV+V1PW1iFHOId1y+06VI=",
      "dev": true
    },
    "minimatch": {
      "version": "0.2.14",
      "resolved": "https://registry.npmjs.org/minimatch/-/minimatch-0.2.14.tgz",
      "integrity": "sha1-x054BXT2PG+aCQ6Q775u9TpqdWo=",
      "dev": true,
      "requires": {
        "lru-cache": "2.7.3",
        "sigmund": "1.0.1"
      }
    },
    "minimist": {
      "version": "0.0.8",
      "resolved": "https://registry.npmjs.org/minimist/-/minimist-0.0.8.tgz",
      "integrity": "sha1-hX/Kv8M5fSYluCKCYuhqp6ARsF0=",
      "dev": true
    },
    "mkdirp": {
      "version": "0.3.5",
      "resolved": "https://registry.npmjs.org/mkdirp/-/mkdirp-0.3.5.tgz",
      "integrity": "sha1-3j5fiWHIjHh+4TaN+EmsRBPsqNc=",
      "dev": true
    },
    "no-cliches": {
      "version": "0.1.0",
      "resolved": "https://registry.npmjs.org/no-cliches/-/no-cliches-0.1.0.tgz",
      "integrity": "sha1-9OuBpVH+zegT+MYR415kpRGNw4w="
    },
    "object-keys": {
      "version": "1.0.11",
      "resolved": "https://registry.npmjs.org/object-keys/-/object-keys-1.0.11.tgz",
      "integrity": "sha1-xUYBd4rVYPEULODgG8yotW0TQm0="
    },
    "object.assign": {
      "version": "4.1.0",
      "resolved": "https://registry.npmjs.org/object.assign/-/object.assign-4.1.0.tgz",
      "integrity": "sha512-exHJeq6kBKj58mqGyTQ9DFvrZC/eR6OwxzoM9YRoGBqrXYonaFyGiFMuc9VZrXf7DarreEwMpurG3dd+CNyW5w==",
      "requires": {
        "define-properties": "1.1.2",
        "function-bind": "1.1.1",
        "has-symbols": "1.0.0",
        "object-keys": "1.0.11"
      }
    },
    "passive-voice": {
      "version": "0.1.0",
      "resolved": "https://registry.npmjs.org/passive-voice/-/passive-voice-0.1.0.tgz",
      "integrity": "sha1-Fv+RrkC6DpLEPmcXY/3IQqcCcLE="
    },
    "schreib-gut": {
      "version": "0.0.1",
      "resolved": "https://registry.npmjs.org/schreib-gut/-/schreib-gut-0.0.1.tgz",
      "integrity": "sha1-fw++Q9eEvAxQQt6NqOuOZaTcdCo=",
      "dev": true,
      "requires": {
        "too-wordy-german": "0.1.2",
        "weasel-words-german": "0.1.0"
      }
    },
    "sigmund": {
      "version": "1.0.1",
      "resolved": "https://registry.npmjs.org/sigmund/-/sigmund-1.0.1.tgz",
      "integrity": "sha1-P/IfGYytIXX587eBhT/ZTQ0ZtZA=",
      "dev": true
    },
    "too-wordy": {
      "version": "0.1.4",
      "resolved": "https://registry.npmjs.org/too-wordy/-/too-wordy-0.1.4.tgz",
      "integrity": "sha1-jnsgp7ek2Pw3WfTgDEkpmT0bEvA="
    },
    "too-wordy-german": {
      "version": "0.1.2",
      "resolved": "https://registry.npmjs.org/too-wordy-german/-/too-wordy-german-0.1.2.tgz",
      "integrity": "sha1-z194Pt/kVmZb98SjuEw+9JJuzR4=",
      "dev": true
    },
    "underscore": {
      "version": "1.6.0",
      "resolved": "https://registry.npmjs.org/underscore/-/underscore-1.6.0.tgz",
      "integrity": "sha1-izixDKze9jM3uLJOT/htRa6lKag=",
      "dev": true
    },
    "walkdir": {
      "version": "0.0.12",
      "resolved": "https://registry.npmjs.org/walkdir/-/walkdir-0.0.12.tgz",
      "integrity": "sha512-HFhaD4mMWPzFSqhpyDG48KDdrjfn409YQuVW7ckZYhW4sE87mYtWifdB/+73RA7+p4s4K18n5Jfx1kHthE1gBw==",
      "dev": true
    },
    "weasel-words": {
      "version": "0.1.1",
      "resolved": "https://registry.npmjs.org/weasel-words/-/weasel-words-0.1.1.tgz",
      "integrity": "sha1-cTeUZYXHP+RIggE4U70ADF1oek4="
    },
    "weasel-words-german": {
      "version": "0.1.0",
      "resolved": "https://registry.npmjs.org/weasel-words-german/-/weasel-words-german-0.1.0.tgz",
      "integrity": "sha1-ZFfTVo1ak125K059KfFacpJJ6ds=",
      "dev": true
    }
  }
}
